
Microsoft Visual Studio Solution File, Format Version 12.00
# Visual Studio Version 16
VisualStudioVersion = 16.0.31624.102
MinimumVisualStudioVersion = 10.0.40219.1
Project("{9A19103F-16F7-4668-BE54-9A1E7A4F7556}") = "lab-1", "lab-1\lab-1.csproj", "{7B8D00DB-DFFE-4577-B7B8-FF6A287BB647}"
EndProject
Project("{9A19103F-16F7-4668-BE54-9A1E7A4F7556}") = "lab-2", "lab-2\lab-2.csproj", "{5C056EC1-F271-463F-9A2E-3FBA279468BE}"
EndProject
Project("{9A19103F-16F7-4668-BE54-9A1E7A4F7556}") = "lab-3", "lab-3\lab-3.csproj", "{B6A1D0FB-C91A-4084-8762-A2F404829C9B}"
EndProject
Project("{9A19103F-16F7-4668-BE54-9A1E7A4F7556}") = "lab-3-zajecia", "lab-3-zajecia\lab-3-zajecia.csproj", "{B6B1BB22-1384-4F00-8B43-826D94E79325}"
EndProject
Project("{9A19103F-16F7-4668-BE54-9A1E7A4F7556}") = "lab-4", "lab-4\lab-4.csproj", "{3246ABB9-8962-42A1-9C44-9A45CFDCE3FA}"
EndProject
Project("{9A19103F-16F7-4668-BE54-9A1E7A4F7556}") = "lab-4-zadanie-z-zajec", "lab-4-zadanie-z-zajec\lab-4-zadanie-z-zajec.csproj", "{3A66A31D-87BA-432A-95E8-5E578A4C35E0}"
EndProject
Project("{9A19103F-16F7-4668-BE54-9A1E7A4F7556}") = "lab5", "lab5\lab5.csproj", "{820DB854-6E94-4C88-AFB3-77EC681E2054}"
EndProject
Project("{9A19103F-16F7-4668-BE54-9A1E7A4F7556}") = "lab-5-zadanie-z-zajec", "lab-5-zadanie-z-zajec\lab-5-zadanie-z-zajec.csproj", "{500B963F-3CF6-4836-842B-A35A0050602A}"
EndProject
Project("{9A19103F-16F7-4668-BE54-9A1E7A4F7556}") = "lab-6", "lab-6\lab-6.csproj", "{D56866C7-6750-4A42-807A-672986B14703}"
EndProject
Project("{9A19103F-16F7-4668-BE54-9A1E7A4F7556}") = "lab-7", "lab-7\lab-7.csproj", "{E7B8C3C6-6D40-4B05-BA75-135AC5E23C0F}"
EndProject
Project("{9A19103F-16F7-4668-BE54-9A1E7A4F7556}") = "lab-7-zadanie-z-zajec", "lab-7-zadanie-z-zajec\lab-7-zadanie-z-zajec.csproj", "{50635D21-F1F0-45D2-8E4C-C98F5B905406}"
EndProject
Project("{9A19103F-16F7-4668-BE54-9A1E7A4F7556}") = "lab-8", "lab-8\lab-8.csproj", "{61200489-E891-4291-96FE-E12119309AA9}"
EndProject
Project("{FAE04EC0-301F-11D3-BF4B-00C04F79EFBC}") = "lab-9", "lab-9\lab-9.csproj", "{E3ACCA61-7010-48D3-AEB2-09B606C94D1C}"
EndProject
Global
	GlobalSection(SolutionConfigurationPlatforms) = preSolution
		Debug|Any CPU = Debug|Any CPU
		Release|Any CPU = Release|Any CPU
	EndGlobalSection
	GlobalSection(ProjectConfigurationPlatforms) = postSolution
		{7B8D00DB-DFFE-4577-B7B8-FF6A287BB647}.Debug|Any CPU.ActiveCfg = Debug|Any CPU
		{7B8D00DB-DFFE-4577-B7B8-FF6A287BB647}.Debug|Any CPU.Build.0 = Debug|Any CPU
		{7B8D00DB-DFFE-4577-B7B8-FF6A287BB647}.Release|Any CPU.ActiveCfg = Release|Any CPU
		{7B8D00DB-DFFE-4577-B7B8-FF6A287BB647}.Release|Any CPU.Build.0 = Release|Any CPU
		{5C056EC1-F271-463F-9A2E-3FBA279468BE}.Debug|Any CPU.ActiveCfg = Debug|Any CPU
		{5C056EC1-F271-463F-9A2E-3FBA279468BE}.Debug|Any CPU.Build.0 = Debug|Any CPU
		{5C056EC1-F271-463F-9A2E-3FBA279468BE}.Release|Any CPU.ActiveCfg = Release|Any CPU
		{5C056EC1-F271-463F-9A2E-3FBA279468BE}.Release|Any CPU.Build.0 = Release|Any CPU
		{B6A1D0FB-C91A-4084-8762-A2F404829C9B}.Debug|Any CPU.ActiveCfg = Debug|Any CPU
		{B6A1D0FB-C91A-4084-8762-A2F404829C9B}.Debug|Any CPU.Build.0 = Debug|Any CPU
		{B6A1D0FB-C91A-4084-8762-A2F404829C9B}.Release|Any CPU.ActiveCfg = Release|Any CPU
		{B6A1D0FB-C91A-4084-8762-A2F404829C9B}.Release|Any CPU.Build.0 = Release|Any CPU
		{B6B1BB22-1384-4F00-8B43-826D94E79325}.Debug|Any CPU.ActiveCfg = Debug|Any CPU
		{B6B1BB22-1384-4F00-8B43-826D94E79325}.Debug|Any CPU.Build.0 = Debug|Any CPU
		{B6B1BB22-1384-4F00-8B43-826D94E79325}.Release|Any CPU.ActiveCfg = Release|Any CPU
		{B6B1BB22-1384-4F00-8B43-826D94E79325}.Release|Any CPU.Build.0 = Release|Any CPU
		{3246ABB9-8962-42A1-9C44-9A45CFDCE3FA}.Debug|Any CPU.ActiveCfg = Debug|Any CPU
		{3246ABB9-8962-42A1-9C44-9A45CFDCE3FA}.Debug|Any CPU.Build.0 = Debug|Any CPU
		{3246ABB9-8962-42A1-9C44-9A45CFDCE3FA}.Release|Any CPU.ActiveCfg = Release|Any CPU
		{3246ABB9-8962-42A1-9C44-9A45CFDCE3FA}.Release|Any CPU.Build.0 = Release|Any CPU
		{3A66A31D-87BA-432A-95E8-5E578A4C35E0}.Debug|Any CPU.ActiveCfg = Debug|Any CPU
		{3A66A31D-87BA-432A-95E8-5E578A4C35E0}.Debug|Any CPU.Build.0 = Debug|Any CPU
		{3A66A31D-87BA-432A-95E8-5E578A4C35E0}.Release|Any CPU.ActiveCfg = Release|Any CPU
		{3A66A31D-87BA-432A-95E8-5E578A4C35E0}.Release|Any CPU.Build.0 = Release|Any CPU
		{820DB854-6E94-4C88-AFB3-77EC681E2054}.Debug|Any CPU.ActiveCfg = Debug|Any CPU
		{820DB854-6E94-4C88-AFB3-77EC681E2054}.Debug|Any CPU.Build.0 = Debug|Any CPU
		{820DB854-6E94-4C88-AFB3-77EC681E2054}.Release|Any CPU.ActiveCfg = Release|Any CPU
		{820DB854-6E94-4C88-AFB3-77EC681E2054}.Release|Any CPU.Build.0 = Release|Any CPU
		{500B963F-3CF6-4836-842B-A35A0050602A}.Debug|Any CPU.ActiveCfg = Debug|Any CPU
		{500B963F-3CF6-4836-842B-A35A0050602A}.Debug|Any CPU.Build.0 = Debug|Any CPU
		{500B963F-3CF6-4836-842B-A35A0050602A}.Release|Any CPU.ActiveCfg = Release|Any CPU
		{500B963F-3CF6-4836-842B-A35A0050602A}.Release|Any CPU.Build.0 = Release|Any CPU
		{D56866C7-6750-4A42-807A-672986B14703}.Debug|Any CPU.ActiveCfg = Debug|Any CPU
		{D56866C7-6750-4A42-807A-672986B14703}.Debug|Any CPU.Build.0 = Debug|Any CPU
		{D56866C7-6750-4A42-807A-672986B14703}.Release|Any CPU.ActiveCfg = Release|Any CPU
		{D56866C7-6750-4A42-807A-672986B14703}.Release|Any CPU.Build.0 = Release|Any CPU
		{E7B8C3C6-6D40-4B05-BA75-135AC5E23C0F}.Debug|Any CPU.ActiveCfg = Debug|Any CPU
		{E7B8C3C6-6D40-4B05-BA75-135AC5E23C0F}.Debug|Any CPU.Build.0 = Debug|Any CPU
		{E7B8C3C6-6D40-4B05-BA75-135AC5E23C0F}.Release|Any CPU.ActiveCfg = Release|Any CPU
		{E7B8C3C6-6D40-4B05-BA75-135AC5E23C0F}.Release|Any CPU.Build.0 = Release|Any CPU
		{50635D21-F1F0-45D2-8E4C-C98F5B905406}.Debug|Any CPU.ActiveCfg = Debug|Any CPU
		{50635D21-F1F0-45D2-8E4C-C98F5B905406}.Debug|Any CPU.Build.0 = Debug|Any CPU
		{50635D21-F1F0-45D2-8E4C-C98F5B905406}.Release|Any CPU.ActiveCfg = Release|Any CPU
		{50635D21-F1F0-45D2-8E4C-C98F5B905406}.Release|Any CPU.Build.0 = Release|Any CPU
		{61200489-E891-4291-96FE-E12119309AA9}.Debug|Any CPU.ActiveCfg = Debug|Any CPU
		{61200489-E891-4291-96FE-E12119309AA9}.Debug|Any CPU.Build.0 = Debug|Any CPU
		{61200489-E891-4291-96FE-E12119309AA9}.Release|Any CPU.ActiveCfg = Release|Any CPU
		{61200489-E891-4291-96FE-E12119309AA9}.Release|Any CPU.Build.0 = Release|Any CPU
		{E3ACCA61-7010-48D3-AEB2-09B606C94D1C}.Debug|Any CPU.ActiveCfg = Debug|Any CPU
		{E3ACCA61-7010-48D3-AEB2-09B606C94D1C}.Debug|Any CPU.Build.0 = Debug|Any CPU
		{E3ACCA61-7010-48D3-AEB2-09B606C94D1C}.Release|Any CPU.ActiveCfg = Release|Any CPU
		{E3ACCA61-7010-48D3-AEB2-09B606C94D1C}.Release|Any CPU.Build.0 = Release|Any CPU
	EndGlobalSection
	GlobalSection(SolutionProperties) = preSolution
		HideSolutionNode = FALSE
	EndGlobalSection
	GlobalSection(ExtensibilityGlobals) = postSolution
		SolutionGuid = {97980E23-C23F-49D3-A936-E394AE3E9A51}
	EndGlobalSection
EndGlobal
